
Microsoft Visual Studio Solution File, Format Version 12.00
# Visual Studio Version 17
VisualStudioVersion = 17.0.31903.59
MinimumVisualStudioVersion = 10.0.40219.1
Project("{FAE04EC0-301F-11D3-BF4B-00C04F79EFBC}") = "WarriorExperiment.Persistence", "WarriorExperiment.Persistence\WarriorExperiment.Persistence.csproj", "{59B0D916-E7E9-4D75-8EF4-DDB5B5891B0D}"
EndProject
Project("{FAE04EC0-301F-11D3-BF4B-00C04F79EFBC}") = "WarriorExperiment.Core", "WarriorExperiment.Core\WarriorExperiment.Core.csproj", "{D1DA77CE-15BA-4127-87BF-2196ADB63644}"
EndProject
Project("{FAE04EC0-301F-11D3-BF4B-00C04F79EFBC}") = "WarriorExperiment.App", "WarriorExperiment.App\WarriorExperiment.App.csproj", "{0DA7930A-D58B-4F8A-9F8F-6E17046D1524}"
EndProject
Global
	GlobalSection(SolutionConfigurationPlatforms) = preSolution
		Debug|Any CPU = Debug|Any CPU
		Debug|x64 = Debug|x64
		Debug|x86 = Debug|x86
		Release|Any CPU = Release|Any CPU
		Release|x64 = Release|x64
		Release|x86 = Release|x86
	EndGlobalSection
	GlobalSection(ProjectConfigurationPlatforms) = postSolution
		{59B0D916-E7E9-4D75-8EF4-DDB5B5891B0D}.Debug|Any CPU.ActiveCfg = Debug|Any CPU
		{59B0D916-E7E9-4D75-8EF4-DDB5B5891B0D}.Debug|Any CPU.Build.0 = Debug|Any CPU
		{59B0D916-E7E9-4D75-8EF4-DDB5B5891B0D}.Debug|x64.ActiveCfg = Debug|Any CPU
		{59B0D916-E7E9-4D75-8EF4-DDB5B5891B0D}.Debug|x64.Build.0 = Debug|Any CPU
		{59B0D916-E7E9-4D75-8EF4-DDB5B5891B0D}.Debug|x86.ActiveCfg = Debug|Any CPU
		{59B0D916-E7E9-4D75-8EF4-DDB5B5891B0D}.Debug|x86.Build.0 = Debug|Any CPU
		{59B0D916-E7E9-4D75-8EF4-DDB5B5891B0D}.Release|Any CPU.ActiveCfg = Release|Any CPU
		{59B0D916-E7E9-4D75-8EF4-DDB5B5891B0D}.Release|Any CPU.Build.0 = Release|Any CPU
		{59B0D916-E7E9-4D75-8EF4-DDB5B5891B0D}.Release|x64.ActiveCfg = Release|Any CPU
		{59B0D916-E7E9-4D75-8EF4-DDB5B5891B0D}.Release|x64.Build.0 = Release|Any CPU
		{59B0D916-E7E9-4D75-8EF4-DDB5B5891B0D}.Release|x86.ActiveCfg = Release|Any CPU
		{59B0D916-E7E9-4D75-8EF4-DDB5B5891B0D}.Release|x86.Build.0 = Release|Any CPU
		{D1DA77CE-15BA-4127-87BF-2196ADB63644}.Debug|Any CPU.ActiveCfg = Debug|Any CPU
		{D1DA77CE-15BA-4127-87BF-2196ADB63644}.Debug|Any CPU.Build.0 = Debug|Any CPU
		{D1DA77CE-15BA-4127-87BF-2196ADB63644}.Debug|x64.ActiveCfg = Debug|Any CPU
		{D1DA77CE-15BA-4127-87BF-2196ADB63644}.Debug|x64.Build.0 = Debug|Any CPU
		{D1DA77CE-15BA-4127-87BF-2196ADB63644}.Debug|x86.ActiveCfg = Debug|Any CPU
		{D1DA77CE-15BA-4127-87BF-2196ADB63644}.Debug|x86.Build.0 = Debug|Any CPU
		{D1DA77CE-15BA-4127-87BF-2196ADB63644}.Release|Any CPU.ActiveCfg = Release|Any CPU
		{D1DA77CE-15BA-4127-87BF-2196ADB63644}.Release|Any CPU.Build.0 = Release|Any CPU
		{D1DA77CE-15BA-4127-87BF-2196ADB63644}.Release|x64.ActiveCfg = Release|Any CPU
		{D1DA77CE-15BA-4127-87BF-2196ADB63644}.Release|x64.Build.0 = Release|Any CPU
		{D1DA77CE-15BA-4127-87BF-2196ADB63644}.Release|x86.ActiveCfg = Release|Any CPU
		{D1DA77CE-15BA-4127-87BF-2196ADB63644}.Release|x86.Build.0 = Release|Any CPU
		{0DA7930A-D58B-4F8A-9F8F-6E17046D1524}.Debug|Any CPU.ActiveCfg = Debug|Any CPU
		{0DA7930A-D58B-4F8A-9F8F-6E17046D1524}.Debug|Any CPU.Build.0 = Debug|Any CPU
		{0DA7930A-D58B-4F8A-9F8F-6E17046D1524}.Debug|x64.ActiveCfg = Debug|Any CPU
		{0DA7930A-D58B-4F8A-9F8F-6E17046D1524}.Debug|x64.Build.0 = Debug|Any CPU
		{0DA7930A-D58B-4F8A-9F8F-6E17046D1524}.Debug|x86.ActiveCfg = Debug|Any CPU
		{0DA7930A-D58B-4F8A-9F8F-6E17046D1524}.Debug|x86.Build.0 = Debug|Any CPU
		{0DA7930A-D58B-4F8A-9F8F-6E17046D1524}.Release|Any CPU.ActiveCfg = Release|Any CPU
		{0DA7930A-D58B-4F8A-9F8F-6E17046D1524}.Release|Any CPU.Build.0 = Release|Any CPU
		{0DA7930A-D58B-4F8A-9F8F-6E17046D1524}.Release|x64.ActiveCfg = Release|Any CPU
		{0DA7930A-D58B-4F8A-9F8F-6E17046D1524}.Release|x64.Build.0 = Release|Any CPU
		{0DA7930A-D58B-4F8A-9F8F-6E17046D1524}.Release|x86.ActiveCfg = Release|Any CPU
		{0DA7930A-D58B-4F8A-9F8F-6E17046D1524}.Release|x86.Build.0 = Release|Any CPU
	EndGlobalSection
	GlobalSection(SolutionProperties) = preSolution
		HideSolutionNode = FALSE
	EndGlobalSection
EndGlobal
